
Microsoft Visual Studio Solution File, Format Version 12.00
# Visual Studio Version 17
VisualStudioVersion = 17.13.35931.197 d17.13
MinimumVisualStudioVersion = 10.0.40219.1
Project("{FAE04EC0-301F-11D3-BF4B-00C04F79EFBC}") = "VeridiCore.API", "VeridiCore.API\VeridiCore.API.csproj", "{DEF2AC9A-3DE5-4ED6-ABB7-5C967878957E}"
EndProject
Global
	GlobalSection(SolutionConfigurationPlatforms) = preSolution
		Debug|Any CPU = Debug|Any CPU
		Release|Any CPU = Release|Any CPU
	EndGlobalSection
	GlobalSection(ProjectConfigurationPlatforms) = postSolution
		{DEF2AC9A-3DE5-4ED6-ABB7-5C967878957E}.Debug|Any CPU.ActiveCfg = Debug|Any CPU
		{DEF2AC9A-3DE5-4ED6-ABB7-5C967878957E}.Debug|Any CPU.Build.0 = Debug|Any CPU
		{DEF2AC9A-3DE5-4ED6-ABB7-5C967878957E}.Release|Any CPU.ActiveCfg = Release|Any CPU
		{DEF2AC9A-3DE5-4ED6-ABB7-5C967878957E}.Release|Any CPU.Build.0 = Release|Any CPU
	EndGlobalSection
	GlobalSection(SolutionProperties) = preSolution
		HideSolutionNode = FALSE
	EndGlobalSection
	GlobalSection(ExtensibilityGlobals) = postSolution
		SolutionGuid = {D94AF503-AC44-4A02-B834-6C40EE8BD954}
	EndGlobalSection
EndGlobal
